// !$*UTF8*$!
{
	archiveVersion = 1;
	classes = {
	};
	objectVersion = 50;
	objects = {

/* Begin PBXBuildFile section */
		8DD55AC424F584420030B9DE /* AppDelegate.swift in Sources */ = {isa = PBXBuildFile; fileRef = 8DD55AC324F584420030B9DE /* AppDelegate.swift */; };
		8DD55AC624F584420030B9DE /* SceneDelegate.swift in Sources */ = {isa = PBXBuildFile; fileRef = 8DD55AC524F584420030B9DE /* SceneDelegate.swift */; };
		8DD55AC924F584420030B9DE /* BlogApp.xcdatamodeld in Sources */ = {isa = PBXBuildFile; fileRef = 8DD55AC724F584420030B9DE /* BlogApp.xcdatamodeld */; };
		8DD55ACB24F584420030B9DE /* ContentView.swift in Sources */ = {isa = PBXBuildFile; fileRef = 8DD55ACA24F584420030B9DE /* ContentView.swift */; };
		8DD55ACD24F584460030B9DE /* Assets.xcassets in Resources */ = {isa = PBXBuildFile; fileRef = 8DD55ACC24F584460030B9DE /* Assets.xcassets */; };
		8DD55AD024F584460030B9DE /* Preview Assets.xcassets in Resources */ = {isa = PBXBuildFile; fileRef = 8DD55ACF24F584460030B9DE /* Preview Assets.xcassets */; };
		8DD55AD324F584460030B9DE /* LaunchScreen.storyboard in Resources */ = {isa = PBXBuildFile; fileRef = 8DD55AD124F584460030B9DE /* LaunchScreen.storyboard */; };
		8DD55ADC24F58E5B0030B9DE /* CoreDataManager.swift in Sources */ = {isa = PBXBuildFile; fileRef = 8DD55ADB24F58E5B0030B9DE /* CoreDataManager.swift */; };
		8DD55ADF24F58EC70030B9DE /* NSManagedObjectContext+Extensions.swift in Sources */ = {isa = PBXBuildFile; fileRef = 8DD55ADE24F58EC70030B9DE /* NSManagedObjectContext+Extensions.swift */; };
		8DD55AE224F597A90030B9DE /* PostListViewModel.swift in Sources */ = {isa = PBXBuildFile; fileRef = 8DD55AE124F597A90030B9DE /* PostListViewModel.swift */; };
/* End PBXBuildFile section */

/* Begin PBXFileReference section */
		8DD55AC024F584420030B9DE /* BlogApp.app */ = {isa = PBXFileReference; explicitFileType = wrapper.application; includeInIndex = 0; path = BlogApp.app; sourceTree = BUILT_PRODUCTS_DIR; };
		8DD55AC324F584420030B9DE /* AppDelegate.swift */ = {isa = PBXFileReference; lastKnownFileType = sourcecode.swift; path = AppDelegate.swift; sourceTree = "<group>"; };
		8DD55AC524F584420030B9DE /* SceneDelegate.swift */ = {isa = PBXFileReference; lastKnownFileType = sourcecode.swift; path = SceneDelegate.swift; sourceTree = "<group>"; };
		8DD55AC824F584420030B9DE /* BlogApp.xcdatamodel */ = {isa = PBXFileReference; lastKnownFileType = wrapper.xcdatamodel; path = BlogApp.xcdatamodel; sourceTree = "<group>"; };
		8DD55ACA24F584420030B9DE /* ContentView.swift */ = {isa = PBXFileReference; lastKnownFileType = sourcecode.swift; path = ContentView.swift; sourceTree = "<group>"; };
		8DD55ACC24F584460030B9DE /* Assets.xcassets */ = {isa = PBXFileReference; lastKnownFileType = folder.assetcatalog; path = Assets.xcassets; sourceTree = "<group>"; };
		8DD55ACF24F584460030B9DE /* Preview Assets.xcassets */ = {isa = PBXFileReference; lastKnownFileType = folder.assetcatalog; path = "Preview Assets.xcassets"; sourceTree = "<group>"; };
		8DD55AD224F584460030B9DE /* Base */ = {isa = PBXFileReference; lastKnownFileType = file.storyboard; name = Base; path = Base.lproj/LaunchScreen.storyboard; sourceTree = "<group>"; };
		8DD55AD424F584460030B9DE /* Info.plist */ = {isa = PBXFileReference; lastKnownFileType = text.plist.xml; path = Info.plist; sourceTree = "<group>"; };
		8DD55ADB24F58E5B0030B9DE /* CoreDataManager.swift */ = {isa = PBXFileReference; lastKnownFileType = sourcecode.swift; path = CoreDataManager.swift; sourceTree = "<group>"; };
		8DD55ADE24F58EC70030B9DE /* NSManagedObjectContext+Extensions.swift */ = {isa = PBXFileReference; lastKnownFileType = sourcecode.swift; path = "NSManagedObjectContext+Extensions.swift"; sourceTree = "<group>"; };
		8DD55AE124F597A90030B9DE /* PostListViewModel.swift */ = {isa = PBXFileReference; lastKnownFileType = sourcecode.swift; path = PostListViewModel.swift; sourceTree = "<group>"; };
/* End PBXFileReference section */

/* Begin PBXFrameworksBuildPhase section */
		8DD55ABD24F584420030B9DE /* Frameworks */ = {
			isa = PBXFrameworksBuildPhase;
			buildActionMask = 2147483647;
			files = (
			);
			runOnlyForDeploymentPostprocessing = 0;
		};
/* End PBXFrameworksBuildPhase section */

/* Begin PBXGroup section */
		8DD55AB724F584420030B9DE = {
			isa = PBXGroup;
			children = (
				8DD55AC224F584420030B9DE /* BlogApp */,
				8DD55AC124F584420030B9DE /* Products */,
			);
			sourceTree = "<group>";
		};
		8DD55AC124F584420030B9DE /* Products */ = {
			isa = PBXGroup;
			children = (
				8DD55AC024F584420030B9DE /* BlogApp.app */,
			);
			name = Products;
			sourceTree = "<group>";
		};
		8DD55AC224F584420030B9DE /* BlogApp */ = {
			isa = PBXGroup;
			children = (
				8DD55AE024F5979D0030B9DE /* View Models */,
				8DD55ADD24F58EAF0030B9DE /* Extensions */,
				8DD55ADA24F58DED0030B9DE /* Managers */,
				8DD55AC324F584420030B9DE /* AppDelegate.swift */,
				8DD55AC524F584420030B9DE /* SceneDelegate.swift */,
				8DD55ACA24F584420030B9DE /* ContentView.swift */,
				8DD55ACC24F584460030B9DE /* Assets.xcassets */,
				8DD55AD124F584460030B9DE /* LaunchScreen.storyboard */,
				8DD55AD424F584460030B9DE /* Info.plist */,
				8DD55AC724F584420030B9DE /* BlogApp.xcdatamodeld */,
				8DD55ACE24F584460030B9DE /* Preview Content */,
			);
			path = BlogApp;
			sourceTree = "<group>";
		};
		8DD55ACE24F584460030B9DE /* Preview Content */ = {
			isa = PBXGroup;
			children = (
				8DD55ACF24F584460030B9DE /* Preview Assets.xcassets */,
			);
			path = "Preview Content";
			sourceTree = "<group>";
		};
		8DD55ADA24F58DED0030B9DE /* Managers */ = {
			isa = PBXGroup;
			children = (
				8DD55ADB24F58E5B0030B9DE /* CoreDataManager.swift */,
			);
			path = Managers;
			sourceTree = "<group>";
		};
		8DD55ADD24F58EAF0030B9DE /* Extensions */ = {
			isa = PBXGroup;
			children = (
				8DD55ADE24F58EC70030B9DE /* NSManagedObjectContext+Extensions.swift */,
			);
			path = Extensions;
			sourceTree = "<group>";
		};
		8DD55AE024F5979D0030B9DE /* View Models */ = {
			isa = PBXGroup;
			children = (
				8DD55AE124F597A90030B9DE /* PostListViewModel.swift */,
			);
			path = "View Models";
			sourceTree = "<group>";
		};
/* End PBXGroup section */

/* Begin PBXNativeTarget section */
		8DD55ABF24F584420030B9DE /* BlogApp */ = {
			isa = PBXNativeTarget;
			buildConfigurationList = 8DD55AD724F584460030B9DE /* Build configuration list for PBXNativeTarget "BlogApp" */;
			buildPhases = (
				8DD55ABC24F584420030B9DE /* Sources */,
				8DD55ABD24F584420030B9DE /* Frameworks */,
				8DD55ABE24F584420030B9DE /* Resources */,
			);
			buildRules = (
			);
			dependencies = (
			);
			name = BlogApp;
			productName = BlogApp;
			productReference = 8DD55AC024F584420030B9DE /* BlogApp.app */;
			productType = "com.apple.product-type.application";
		};
/* End PBXNativeTarget section */

/* Begin PBXProject section */
		8DD55AB824F584420030B9DE /* Project object */ = {
			isa = PBXProject;
			attributes = {
				LastSwiftUpdateCheck = 1150;
				LastUpgradeCheck = 1150;
				ORGANIZATIONNAME = "Mohammad Azam";
				TargetAttributes = {
					8DD55ABF24F584420030B9DE = {
						CreatedOnToolsVersion = 11.5;
					};
				};
			};
			buildConfigurationList = 8DD55ABB24F584420030B9DE /* Build configuration list for PBXProject "BlogApp" */;
			compatibilityVersion = "Xcode 9.3";
			developmentRegion = en;
			hasScannedForEncodings = 0;
			knownRegions = (
				en,
				Base,
			);
			mainGroup = 8DD55AB724F584420030B9DE;
			productRefGroup = 8DD55AC124F584420030B9DE /* Products */;
			projectDirPath = "";
			projectRoot = "";
			targets = (
				8DD55ABF24F584420030B9DE /* BlogApp */,
			);
		};
/* End PBXProject section */

/* Begin PBXResourcesBuildPhase section */
		8DD55ABE24F584420030B9DE /* Resources */ = {
			isa = PBXResourcesBuildPhase;
			buildActionMask = 2147483647;
			files = (
				8DD55AD324F584460030B9DE /* LaunchScreen.storyboard in Resources */,
				8DD55AD024F584460030B9DE /* Preview Assets.xcassets in Resources */,
				8DD55ACD24F584460030B9DE /* Assets.xcassets in Resources */,
			);
			runOnlyForDeploymentPostprocessing = 0;
		};
/* End PBXResourcesBuildPhase section */

/* Begin PBXSourcesBuildPhase section */
		8DD55ABC24F584420030B9DE /* Sources */ = {
			isa = PBXSourcesBuildPhase;
			buildActionMask = 2147483647;
			files = (
				8DD55AE224F597A90030B9DE /* PostListViewModel.swift in Sources */,
				8DD55AC424F584420030B9DE /* AppDelegate.swift in Sources */,
				8DD55AC924F584420030B9DE /* BlogApp.xcdatamodeld in Sources */,
				8DD55ACB24F584420030B9DE /* ContentView.swift in Sources */,
				8DD55ADC24F58E5B0030B9DE /* CoreDataManager.swift in Sources */,
				8DD55AC624F584420030B9DE /* SceneDelegate.swift in Sources */,
				8DD55ADF24F58EC70030B9DE /* NSManagedObjectContext+Extensions.swift in Sources */,
			);
			runOnlyForDeploymentPostprocessing = 0;
		};
/* End PBXSourcesBuildPhase section */

/* Begin PBXVariantGroup section */
		8DD55AD124F584460030B9DE /* LaunchScreen.storyboard */ = {
			isa = PBXVariantGroup;
			children = (
				8DD55AD224F584460030B9DE /* Base */,
			);
			name = LaunchScreen.storyboard;
			sourceTree = "<group>";
		};
/* End PBXVariantGroup section */

/* Begin XCBuildConfiguration section */
		8DD55AD524F584460030B9DE /* Debug */ = {
			isa = XCBuildConfiguration;
			buildSettings = {
				ALWAYS_SEARCH_USER_PATHS = NO;
				CLANG_ANALYZER_NONNULL = YES;
				CLANG_ANALYZER_NUMBER_OBJECT_CONVERSION = YES_AGGRESSIVE;
				CLANG_CXX_LANGUAGE_STANDARD = "gnu++14";
				CLANG_CXX_LIBRARY = "libc++";
				CLANG_ENABLE_MODULES = YES;
				CLANG_ENABLE_OBJC_ARC = YES;
				CLANG_ENABLE_OBJC_WEAK = YES;
				CLANG_WARN_BLOCK_CAPTURE_AUTORELEASING = YES;
				CLANG_WARN_BOOL_CONVERSION = YES;
				CLANG_WARN_COMMA = YES;
				CLANG_WARN_CONSTANT_CONVERSION = YES;
				CLANG_WARN_DEPRECATED_OBJC_IMPLEMENTATIONS = YES;
				CLANG_WARN_DIRECT_OBJC_ISA_USAGE = YES_ERROR;
				CLANG_WARN_DOCUMENTATION_COMMENTS = YES;
				CLANG_WARN_EMPTY_BODY = YES;
				CLANG_WARN_ENUM_CONVERSION = YES;
				CLANG_WARN_INFINITE_RECURSION = YES;
				CLANG_WARN_INT_CONVERSION = YES;
				CLANG_WARN_NON_LITERAL_NULL_CONVERSION = YES;
				CLANG_WARN_OBJC_IMPLICIT_RETAIN_SELF = YES;
				CLANG_WARN_OBJC_LITERAL_CONVERSION = YES;
				CLANG_WARN_OBJC_ROOT_CLASS = YES_ERROR;
				CLANG_WARN_RANGE_LOOP_ANALYSIS = YES;
				CLANG_WARN_STRICT_PROTOTYPES = YES;
				CLANG_WARN_SUSPICIOUS_MOVE = YES;
				CLANG_WARN_UNGUARDED_AVAILABILITY = YES_AGGRESSIVE;
				CLANG_WARN_UNREACHABLE_CODE = YES;
				CLANG_WARN__DUPLICATE_METHOD_MATCH = YES;
				COPY_PHASE_STRIP = NO;
				DEBUG_INFORMATION_FORMAT = dwarf;
				ENABLE_STRICT_OBJC_MSGSEND = YES;
				ENABLE_TESTABILITY = YES;
				GCC_C_LANGUAGE_STANDARD = gnu11;
				GCC_DYNAMIC_NO_PIC = NO;
				GCC_NO_COMMON_BLOCKS = YES;
				GCC_OPTIMIZATION_LEVEL = 0;
				GCC_PREPROCESSOR_DEFINITIONS = (
					"DEBUG=1",
					"$(inherited)",
				);
				GCC_WARN_64_TO_32_BIT_CONVERSION = YES;
				GCC_WARN_ABOUT_RETURN_TYPE = YES_ERROR;
				GCC_WARN_UNDECLARED_SELECTOR = YES;
				GCC_WARN_UNINITIALIZED_AUTOS = YES_AGGRESSIVE;
				GCC_WARN_UNUSED_FUNCTION = YES;
				GCC_WARN_UNUSED_VARIABLE = YES;
				IPHONEOS_DEPLOYMENT_TARGET = 13.5;
				MTL_ENABLE_DEBUG_INFO = INCLUDE_SOURCE;
				MTL_FAST_MATH = YES;
				ONLY_ACTIVE_ARCH = YES;
				SDKROOT = iphoneos;
				SWIFT_ACTIVE_COMPILATION_CONDITIONS = DEBUG;
				SWIFT_OPTIMIZATION_LEVEL = "-Onone";
			};
			name = Debug;
		};
		8DD55AD624F584460030B9DE /* Release */ = {
			isa = XCBuildConfiguration;
			buildSettings = {
				ALWAYS_SEARCH_USER_PATHS = NO;
				CLANG_ANALYZER_NONNULL = YES;
				CLANG_ANALYZER_NUMBER_OBJECT_CONVERSION = YES_AGGRESSIVE;
				CLANG_CXX_LANGUAGE_STANDARD = "gnu++14";
				CLANG_CXX_LIBRARY = "libc++";
				CLANG_ENABLE_MODULES = YES;
				CLANG_ENABLE_OBJC_ARC = YES;
				CLANG_ENABLE_OBJC_WEAK = YES;
				CLANG_WARN_BLOCK_CAPTURE_AUTORELEASING = YES;
				CLANG_WARN_BOOL_CONVERSION = YES;
				CLANG_WARN_COMMA = YES;
				CLANG_WARN_CONSTANT_CONVERSION = YES;
				CLANG_WARN_DEPRECATED_OBJC_IMPLEMENTATIONS = YES;
				CLANG_WARN_DIRECT_OBJC_ISA_USAGE = YES_ERROR;
				CLANG_WARN_DOCUMENTATION_COMMENTS = YES;
				CLANG_WARN_EMPTY_BODY = YES;
				CLANG_WARN_ENUM_CONVERSION = YES;
				CLANG_WARN_INFINITE_RECURSION = YES;
				CLANG_WARN_INT_CONVERSION = YES;
				CLANG_WARN_NON_LITERAL_NULL_CONVERSION = YES;
				CLANG_WARN_OBJC_IMPLICIT_RETAIN_SELF = YES;
				CLANG_WARN_OBJC_LITERAL_CONVERSION = YES;
				CLANG_WARN_OBJC_ROOT_CLASS = YES_ERROR;
				CLANG_WARN_RANGE_LOOP_ANALYSIS = YES;
				CLANG_WARN_STRICT_PROTOTYPES = YES;
				CLANG_WARN_SUSPICIOUS_MOVE = YES;
				CLANG_WARN_UNGUARDED_AVAILABILITY = YES_AGGRESSIVE;
				CLANG_WARN_UNREACHABLE_CODE = YES;
				CLANG_WARN__DUPLICATE_METHOD_MATCH = YES;
				COPY_PHASE_STRIP = NO;
				DEBUG_INFORMATION_FORMAT = "dwarf-with-dsym";
				ENABLE_NS_ASSERTIONS = NO;
				ENABLE_STRICT_OBJC_MSGSEND = YES;
				GCC_C_LANGUAGE_STANDARD = gnu11;
				GCC_NO_COMMON_BLOCKS = YES;
				GCC_WARN_64_TO_32_BIT_CONVERSION = YES;
				GCC_WARN_ABOUT_RETURN_TYPE = YES_ERROR;
				GCC_WARN_UNDECLARED_SELECTOR = YES;
				GCC_WARN_UNINITIALIZED_AUTOS = YES_AGGRESSIVE;
				GCC_WARN_UNUSED_FUNCTION = YES;
				GCC_WARN_UNUSED_VARIABLE = YES;
				IPHONEOS_DEPLOYMENT_TARGET = 13.5;
				MTL_ENABLE_DEBUG_INFO = NO;
				MTL_FAST_MATH = YES;
				SDKROOT = iphoneos;
				SWIFT_COMPILATION_MODE = wholemodule;
				SWIFT_OPTIMIZATION_LEVEL = "-O";
				VALIDATE_PRODUCT = YES;
			};
			name = Release;
		};
		8DD55AD824F584460030B9DE /* Debug */ = {
			isa = XCBuildConfiguration;
			buildSettings = {
				ASSETCATALOG_COMPILER_APPICON_NAME = AppIcon;
				CODE_SIGN_STYLE = Automatic;
				DEVELOPMENT_ASSET_PATHS = "\"BlogApp/Preview Content\"";
				DEVELOPMENT_TEAM = B2Q8EGNCQA;
				ENABLE_PREVIEWS = YES;
				INFOPLIST_FILE = BlogApp/Info.plist;
				LD_RUNPATH_SEARCH_PATHS = (
					"$(inherited)",
					"@executable_path/Frameworks",
				);
				PRODUCT_BUNDLE_IDENTIFIER = com.azamsharp.BlogApp;
				PRODUCT_NAME = "$(TARGET_NAME)";
				SWIFT_VERSION = 5.0;
				TARGETED_DEVICE_FAMILY = "1,2";
			};
			name = Debug;
		};
		8DD55AD924F584460030B9DE /* Release */ = {
			isa = XCBuildConfiguration;
			buildSettings = {
				ASSETCATALOG_COMPILER_APPICON_NAME = AppIcon;
				CODE_SIGN_STYLE = Automatic;
				DEVELOPMENT_ASSET_PATHS = "\"BlogApp/Preview Content\"";
				DEVELOPMENT_TEAM = B2Q8EGNCQA;
				ENABLE_PREVIEWS = YES;
				INFOPLIST_FILE = BlogApp/Info.plist;
				LD_RUNPATH_SEARCH_PATHS = (
					"$(inherited)",
					"@executable_path/Frameworks",
				);
				PRODUCT_BUNDLE_IDENTIFIER = com.azamsharp.BlogApp;
				PRODUCT_NAME = "$(TARGET_NAME)";
				SWIFT_VERSION = 5.0;
				TARGETED_DEVICE_FAMILY = "1,2";
			};
			name = Release;
		};
/* End XCBuildConfiguration section */

/* Begin XCConfigurationList section */
		8DD55ABB24F584420030B9DE /* Build configuration list for PBXProject "BlogApp" */ = {
			isa = XCConfigurationList;
			buildConfigurations = (
				8DD55AD524F584460030B9DE /* Debug */,
				8DD55AD624F584460030B9DE /* Release */,
			);
			defaultConfigurationIsVisible = 0;
			defaultConfigurationName = Release;
		};
		8DD55AD724F584460030B9DE /* Build configuration list for PBXNativeTarget "BlogApp" */ = {
			isa = XCConfigurationList;
			buildConfigurations = (
				8DD55AD824F584460030B9DE /* Debug */,
				8DD55AD924F584460030B9DE /* Release */,
			);
			defaultConfigurationIsVisible = 0;
			defaultConfigurationName = Release;
		};
/* End XCConfigurationList section */

/* Begin XCVersionGroup section */
		8DD55AC724F584420030B9DE /* BlogApp.xcdatamodeld */ = {
			isa = XCVersionGroup;
			children = (
				8DD55AC824F584420030B9DE /* BlogApp.xcdatamodel */,
			);
			currentVersion = 8DD55AC824F584420030B9DE /* BlogApp.xcdatamodel */;
			path = BlogApp.xcdatamodeld;
			sourceTree = "<group>";
			versionGroupType = wrapper.xcdatamodel;
		};
/* End XCVersionGroup section */
	};
	rootObject = 8DD55AB824F584420030B9DE /* Project object */;
}
